
Microsoft Visual Studio Solution File, Format Version 12.00
# Visual Studio Version 17
VisualStudioVersion = 17.5.33502.453
MinimumVisualStudioVersion = 10.0.40219.1
Project("{9A19103F-16F7-4668-BE54-9A1E7A4F7556}") = "ConsoleApp1", "ConsoleApp1\ConsoleApp1.csproj", "{F4B5F27D-07AC-4B10-BF47-BC512252801A}"
EndProject
Project("{9A19103F-16F7-4668-BE54-9A1E7A4F7556}") = "ConsoleApp1Tests", "ConsoleApp1Tests\ConsoleApp1Tests.csproj", "{B2D6F7D7-B3CA-498C-9920-660DADDD4F6C}"
EndProject
Project("{FAE04EC0-301F-11D3-BF4B-00C04F79EFBC}") = "AssignTest", "AssignTest\AssignTest.csproj", "{367EBA5B-AEEE-44F7-8193-7AB3B45D4A71}"
EndProject
Global
	GlobalSection(SolutionConfigurationPlatforms) = preSolution
		Debug|Any CPU = Debug|Any CPU
		Release|Any CPU = Release|Any CPU
	EndGlobalSection
	GlobalSection(ProjectConfigurationPlatforms) = postSolution
		{F4B5F27D-07AC-4B10-BF47-BC512252801A}.Debug|Any CPU.ActiveCfg = Debug|Any CPU
		{F4B5F27D-07AC-4B10-BF47-BC512252801A}.Debug|Any CPU.Build.0 = Debug|Any CPU
		{F4B5F27D-07AC-4B10-BF47-BC512252801A}.Release|Any CPU.ActiveCfg = Release|Any CPU
		{F4B5F27D-07AC-4B10-BF47-BC512252801A}.Release|Any CPU.Build.0 = Release|Any CPU
		{B2D6F7D7-B3CA-498C-9920-660DADDD4F6C}.Debug|Any CPU.ActiveCfg = Debug|Any CPU
		{B2D6F7D7-B3CA-498C-9920-660DADDD4F6C}.Debug|Any CPU.Build.0 = Debug|Any CPU
		{B2D6F7D7-B3CA-498C-9920-660DADDD4F6C}.Release|Any CPU.ActiveCfg = Release|Any CPU
		{B2D6F7D7-B3CA-498C-9920-660DADDD4F6C}.Release|Any CPU.Build.0 = Release|Any CPU
		{367EBA5B-AEEE-44F7-8193-7AB3B45D4A71}.Debug|Any CPU.ActiveCfg = Debug|Any CPU
		{367EBA5B-AEEE-44F7-8193-7AB3B45D4A71}.Debug|Any CPU.Build.0 = Debug|Any CPU
		{367EBA5B-AEEE-44F7-8193-7AB3B45D4A71}.Release|Any CPU.ActiveCfg = Release|Any CPU
		{367EBA5B-AEEE-44F7-8193-7AB3B45D4A71}.Release|Any CPU.Build.0 = Release|Any CPU
	EndGlobalSection
	GlobalSection(SolutionProperties) = preSolution
		HideSolutionNode = FALSE
	EndGlobalSection
	GlobalSection(ExtensibilityGlobals) = postSolution
		SolutionGuid = {302C4C31-59D8-44D8-942D-AFC342107C8B}
	EndGlobalSection
EndGlobal
